
Microsoft Visual Studio Solution File, Format Version 12.00
# Visual Studio Version 16
VisualStudioVersion = 16.0.30717.126
MinimumVisualStudioVersion = 10.0.40219.1
Project("{FAE04EC0-301F-11D3-BF4B-00C04F79EFBC}") = "Assignment_2_GUI", "Assignment_2_GUI\Assignment_2_GUI.csproj", "{FC08831A-B598-4653-A23B-7393BDE5DE12}"
EndProject
Global
	GlobalSection(SolutionConfigurationPlatforms) = preSolution
		Debug|Any CPU = Debug|Any CPU
		Release|Any CPU = Release|Any CPU
	EndGlobalSection
	GlobalSection(ProjectConfigurationPlatforms) = postSolution
		{FC08831A-B598-4653-A23B-7393BDE5DE12}.Debug|Any CPU.ActiveCfg = Debug|Any CPU
		{FC08831A-B598-4653-A23B-7393BDE5DE12}.Debug|Any CPU.Build.0 = Debug|Any CPU
		{FC08831A-B598-4653-A23B-7393BDE5DE12}.Release|Any CPU.ActiveCfg = Release|Any CPU
		{FC08831A-B598-4653-A23B-7393BDE5DE12}.Release|Any CPU.Build.0 = Release|Any CPU
	EndGlobalSection
	GlobalSection(SolutionProperties) = preSolution
		HideSolutionNode = FALSE
	EndGlobalSection
	GlobalSection(ExtensibilityGlobals) = postSolution
		SolutionGuid = {ED3E7A98-428D-4DFB-A5C9-0E1BAD51CB91}
	EndGlobalSection
EndGlobal
